
Microsoft Visual Studio Solution File, Format Version 12.00
# Visual Studio Version 17
VisualStudioVersion = 17.0.31903.59
MinimumVisualStudioVersion = 10.0.40219.1
Project("{FAE04EC0-301F-11D3-BF4B-00C04F79EFBC}") = "dotnetapp", "dotnetapp.csproj", "{2F26EEC6-C185-4A68-BF50-BE01E932EFC1}"
EndProject
Project("{FAE04EC0-301F-11D3-BF4B-00C04F79EFBC}") = "TestProject", "TestProject\TestProject.csproj", "{8D1B5B17-FC9A-4467-8715-2865DB0BDFEB}"
EndProject
Global
	GlobalSection(SolutionConfigurationPlatforms) = preSolution
		Debug|Any CPU = Debug|Any CPU
		Release|Any CPU = Release|Any CPU
	EndGlobalSection
	GlobalSection(SolutionProperties) = preSolution
		HideSolutionNode = FALSE
	EndGlobalSection
	GlobalSection(ProjectConfigurationPlatforms) = postSolution
		{2F26EEC6-C185-4A68-BF50-BE01E932EFC1}.Debug|Any CPU.ActiveCfg = Debug|Any CPU
		{2F26EEC6-C185-4A68-BF50-BE01E932EFC1}.Debug|Any CPU.Build.0 = Debug|Any CPU
		{2F26EEC6-C185-4A68-BF50-BE01E932EFC1}.Release|Any CPU.ActiveCfg = Release|Any CPU
		{2F26EEC6-C185-4A68-BF50-BE01E932EFC1}.Release|Any CPU.Build.0 = Release|Any CPU
		{8D1B5B17-FC9A-4467-8715-2865DB0BDFEB}.Debug|Any CPU.ActiveCfg = Debug|Any CPU
		{8D1B5B17-FC9A-4467-8715-2865DB0BDFEB}.Debug|Any CPU.Build.0 = Debug|Any CPU
		{8D1B5B17-FC9A-4467-8715-2865DB0BDFEB}.Release|Any CPU.ActiveCfg = Release|Any CPU
		{8D1B5B17-FC9A-4467-8715-2865DB0BDFEB}.Release|Any CPU.Build.0 = Release|Any CPU
	EndGlobalSection
EndGlobal
